// !$*UTF8*$!
{
	archiveVersion = 1;
	classes = {
	};
	objectVersion = 47;
	objects = {

/* Begin PBXBuildFile section */
		0040F14A1C4C5FF30076F176 /* AppDelegate.swift in Sources */ = {isa = PBXBuildFile; fileRef = 0040F1491C4C5FF30076F176 /* AppDelegate.swift */; };
		0040F14C1C4C5FF30076F176 /* ViewController.swift in Sources */ = {isa = PBXBuildFile; fileRef = 0040F14B1C4C5FF30076F176 /* ViewController.swift */; };
		0040F14F1C4C5FF30076F176 /* Main.storyboard in Resources */ = {isa = PBXBuildFile; fileRef = 0040F14D1C4C5FF30076F176 /* Main.storyboard */; };
		0040F1521C4C5FF30076F176 /* PRIVY.xcdatamodeld in Sources */ = {isa = PBXBuildFile; fileRef = 0040F1501C4C5FF30076F176 /* PRIVY.xcdatamodeld */; };
		0040F1541C4C5FF30076F176 /* Assets.xcassets in Resources */ = {isa = PBXBuildFile; fileRef = 0040F1531C4C5FF30076F176 /* Assets.xcassets */; };
		0040F1571C4C5FF30076F176 /* LaunchScreen.storyboard in Resources */ = {isa = PBXBuildFile; fileRef = 0040F1551C4C5FF30076F176 /* LaunchScreen.storyboard */; };
		0040F1621C4C5FF30076F176 /* PrivyTests.swift in Sources */ = {isa = PBXBuildFile; fileRef = 0040F1611C4C5FF30076F176 /* PrivyTests.swift */; };
		0040F16D1C4C5FF30076F176 /* PrivyUITests.swift in Sources */ = {isa = PBXBuildFile; fileRef = 0040F16C1C4C5FF30076F176 /* PrivyUITests.swift */; };
		0040F17B1C4C60510076F176 /* PRVGradientView.swift in Sources */ = {isa = PBXBuildFile; fileRef = 0040F17A1C4C60510076F176 /* PRVGradientView.swift */; };
		0040F17E1C4C612A0076F176 /* UIColor+AppColors.swift in Sources */ = {isa = PBXBuildFile; fileRef = 0040F17D1C4C612A0076F176 /* UIColor+AppColors.swift */; };
		0040F1801C4C62E70076F176 /* PRVExchangeViewController.swift in Sources */ = {isa = PBXBuildFile; fileRef = 0040F17F1C4C62E70076F176 /* PRVExchangeViewController.swift */; };
		0040F1821C4C64240076F176 /* PRVRootTabBarController.swift in Sources */ = {isa = PBXBuildFile; fileRef = 0040F1811C4C64240076F176 /* PRVRootTabBarController.swift */; };
		0040F1871C4C7E820076F176 /* DynamicButton.framework in Frameworks */ = {isa = PBXBuildFile; fileRef = 0040F1861C4C7E820076F176 /* DynamicButton.framework */; };
		0040F18A1C4C832A0076F176 /* NVActivityIndicatorView.framework in Frameworks */ = {isa = PBXBuildFile; fileRef = 0040F1891C4C832A0076F176 /* NVActivityIndicatorView.framework */; };
		0040F1961C4CB7490076F176 /* AVMediaType+Shim.swift in Sources */ = {isa = PBXBuildFile; fileRef = 0040F1921C4CB7490076F176 /* AVMediaType+Shim.swift */; };
		0040F1971C4CB7490076F176 /* CameraPermissionOperation.swift in Sources */ = {isa = PBXBuildFile; fileRef = 0040F1931C4CB7490076F176 /* CameraPermissionOperation.swift */; };
/* End PBXBuildFile section */

/* Begin PBXContainerItemProxy section */
		0040F15E1C4C5FF30076F176 /* PBXContainerItemProxy */ = {
			isa = PBXContainerItemProxy;
			containerPortal = 0040F13E1C4C5FF30076F176 /* Project object */;
			proxyType = 1;
			remoteGlobalIDString = 0040F1451C4C5FF30076F176;
			remoteInfo = PRIVY;
		};
		0040F1691C4C5FF30076F176 /* PBXContainerItemProxy */ = {
			isa = PBXContainerItemProxy;
			containerPortal = 0040F13E1C4C5FF30076F176 /* Project object */;
			proxyType = 1;
			remoteGlobalIDString = 0040F1451C4C5FF30076F176;
			remoteInfo = PRIVY;
		};
/* End PBXContainerItemProxy section */

/* Begin PBXFileReference section */
		0040F1461C4C5FF30076F176 /* Privy.app */ = {isa = PBXFileReference; explicitFileType = wrapper.application; includeInIndex = 0; path = Privy.app; sourceTree = BUILT_PRODUCTS_DIR; };
		0040F1491C4C5FF30076F176 /* AppDelegate.swift */ = {isa = PBXFileReference; lastKnownFileType = sourcecode.swift; path = AppDelegate.swift; sourceTree = "<group>"; };
		0040F14B1C4C5FF30076F176 /* ViewController.swift */ = {isa = PBXFileReference; lastKnownFileType = sourcecode.swift; path = ViewController.swift; sourceTree = "<group>"; };
		0040F14E1C4C5FF30076F176 /* Base */ = {isa = PBXFileReference; lastKnownFileType = file.storyboard; name = Base; path = Base.lproj/Main.storyboard; sourceTree = "<group>"; };
		0040F1511C4C5FF30076F176 /* PRIVY.xcdatamodel */ = {isa = PBXFileReference; lastKnownFileType = wrapper.xcdatamodel; path = PRIVY.xcdatamodel; sourceTree = "<group>"; };
		0040F1531C4C5FF30076F176 /* Assets.xcassets */ = {isa = PBXFileReference; lastKnownFileType = folder.assetcatalog; path = Assets.xcassets; sourceTree = "<group>"; };
		0040F1561C4C5FF30076F176 /* Base */ = {isa = PBXFileReference; lastKnownFileType = file.storyboard; name = Base; path = Base.lproj/LaunchScreen.storyboard; sourceTree = "<group>"; };
		0040F1581C4C5FF30076F176 /* Info.plist */ = {isa = PBXFileReference; lastKnownFileType = text.plist.xml; path = Info.plist; sourceTree = "<group>"; };
		0040F15D1C4C5FF30076F176 /* PrivyTests.xctest */ = {isa = PBXFileReference; explicitFileType = wrapper.cfbundle; includeInIndex = 0; path = PrivyTests.xctest; sourceTree = BUILT_PRODUCTS_DIR; };
		0040F1611C4C5FF30076F176 /* PrivyTests.swift */ = {isa = PBXFileReference; lastKnownFileType = sourcecode.swift; path = PrivyTests.swift; sourceTree = "<group>"; };
		0040F1631C4C5FF30076F176 /* Info.plist */ = {isa = PBXFileReference; lastKnownFileType = text.plist.xml; path = Info.plist; sourceTree = "<group>"; };
		0040F1681C4C5FF30076F176 /* PrivyUITests.xctest */ = {isa = PBXFileReference; explicitFileType = wrapper.cfbundle; includeInIndex = 0; path = PrivyUITests.xctest; sourceTree = BUILT_PRODUCTS_DIR; };
		0040F16C1C4C5FF30076F176 /* PrivyUITests.swift */ = {isa = PBXFileReference; lastKnownFileType = sourcecode.swift; path = PrivyUITests.swift; sourceTree = "<group>"; };
		0040F16E1C4C5FF30076F176 /* Info.plist */ = {isa = PBXFileReference; lastKnownFileType = text.plist.xml; path = Info.plist; sourceTree = "<group>"; };
		0040F17A1C4C60510076F176 /* PRVGradientView.swift */ = {isa = PBXFileReference; fileEncoding = 4; lastKnownFileType = sourcecode.swift; path = PRVGradientView.swift; sourceTree = "<group>"; };
		0040F17D1C4C612A0076F176 /* UIColor+AppColors.swift */ = {isa = PBXFileReference; fileEncoding = 4; lastKnownFileType = sourcecode.swift; path = "UIColor+AppColors.swift"; sourceTree = "<group>"; };
		0040F17F1C4C62E70076F176 /* PRVExchangeViewController.swift */ = {isa = PBXFileReference; fileEncoding = 4; lastKnownFileType = sourcecode.swift; path = PRVExchangeViewController.swift; sourceTree = "<group>"; };
		0040F1811C4C64240076F176 /* PRVRootTabBarController.swift */ = {isa = PBXFileReference; fileEncoding = 4; lastKnownFileType = sourcecode.swift; path = PRVRootTabBarController.swift; sourceTree = "<group>"; };
		0040F1861C4C7E820076F176 /* DynamicButton.framework */ = {isa = PBXFileReference; lastKnownFileType = wrapper.framework; name = DynamicButton.framework; path = Carthage/Build/iOS/DynamicButton.framework; sourceTree = "<group>"; };
		0040F1891C4C832A0076F176 /* NVActivityIndicatorView.framework */ = {isa = PBXFileReference; lastKnownFileType = wrapper.framework; name = NVActivityIndicatorView.framework; path = Carthage/Build/iOS/NVActivityIndicatorView.framework; sourceTree = "<group>"; };
		0040F18C1C4C83610076F176 /* Privy-Bridging-Header.h */ = {isa = PBXFileReference; lastKnownFileType = sourcecode.c.h; name = "Privy-Bridging-Header.h"; path = "../Privy-Bridging-Header.h"; sourceTree = "<group>"; };
		0040F1921C4CB7490076F176 /* AVMediaType+Shim.swift */ = {isa = PBXFileReference; fileEncoding = 4; lastKnownFileType = sourcecode.swift; path = "AVMediaType+Shim.swift"; sourceTree = "<group>"; };
		0040F1931C4CB7490076F176 /* CameraPermissionOperation.swift */ = {isa = PBXFileReference; fileEncoding = 4; lastKnownFileType = sourcecode.swift; path = CameraPermissionOperation.swift; sourceTree = "<group>"; };
/* End PBXFileReference section */

/* Begin PBXFrameworksBuildPhase section */
		0040F1431C4C5FF30076F176 /* Frameworks */ = {
			isa = PBXFrameworksBuildPhase;
			buildActionMask = 2147483647;
			files = (
				0040F18A1C4C832A0076F176 /* NVActivityIndicatorView.framework in Frameworks */,
				0040F1871C4C7E820076F176 /* DynamicButton.framework in Frameworks */,
			);
			runOnlyForDeploymentPostprocessing = 0;
		};
		0040F15A1C4C5FF30076F176 /* Frameworks */ = {
			isa = PBXFrameworksBuildPhase;
			buildActionMask = 2147483647;
			files = (
			);
			runOnlyForDeploymentPostprocessing = 0;
		};
		0040F1651C4C5FF30076F176 /* Frameworks */ = {
			isa = PBXFrameworksBuildPhase;
			buildActionMask = 2147483647;
			files = (
			);
			runOnlyForDeploymentPostprocessing = 0;
		};
/* End PBXFrameworksBuildPhase section */

/* Begin PBXGroup section */
		0040F13D1C4C5FF30076F176 = {
			isa = PBXGroup;
			children = (
				0040F18B1C4C833A0076F176 /* Carthage */,
				0040F1481C4C5FF30076F176 /* Privy */,
				0040F1601C4C5FF30076F176 /* PrivyTests */,
				0040F16B1C4C5FF30076F176 /* PrivyUITests */,
				0040F1471C4C5FF30076F176 /* Products */,
			);
			sourceTree = "<group>";
		};
		0040F1471C4C5FF30076F176 /* Products */ = {
			isa = PBXGroup;
			children = (
				0040F1461C4C5FF30076F176 /* Privy.app */,
				0040F15D1C4C5FF30076F176 /* PrivyTests.xctest */,
				0040F1681C4C5FF30076F176 /* PrivyUITests.xctest */,
			);
			name = Products;
			sourceTree = "<group>";
		};
		0040F1481C4C5FF30076F176 /* Privy */ = {
			isa = PBXGroup;
			children = (
				0040F1491C4C5FF30076F176 /* AppDelegate.swift */,
				0040F17C1C4C61070076F176 /* Extensions */,
				0040F1841C4C772E0076F176 /* General */,
				0040F14B1C4C5FF30076F176 /* ViewController.swift */,
				0040F1811C4C64240076F176 /* PRVRootTabBarController.swift */,
				0040F1831C4C771D0076F176 /* Exchange */,
				0040F18C1C4C83610076F176 /* Privy-Bridging-Header.h */,
				0040F14D1C4C5FF30076F176 /* Main.storyboard */,
				0040F1531C4C5FF30076F176 /* Assets.xcassets */,
				0040F1551C4C5FF30076F176 /* LaunchScreen.storyboard */,
				0040F1581C4C5FF30076F176 /* Info.plist */,
				0040F1501C4C5FF30076F176 /* PRIVY.xcdatamodeld */,
			);
			name = Privy;
			path = PRIVY;
			sourceTree = "<group>";
		};
		0040F1601C4C5FF30076F176 /* PrivyTests */ = {
			isa = PBXGroup;
			children = (
				0040F1611C4C5FF30076F176 /* PrivyTests.swift */,
				0040F1631C4C5FF30076F176 /* Info.plist */,
			);
			name = PrivyTests;
			path = PRIVYTests;
			sourceTree = "<group>";
		};
		0040F16B1C4C5FF30076F176 /* PrivyUITests */ = {
			isa = PBXGroup;
			children = (
				0040F16C1C4C5FF30076F176 /* PrivyUITests.swift */,
				0040F16E1C4C5FF30076F176 /* Info.plist */,
			);
			name = PrivyUITests;
			path = PRIVYUITests;
			sourceTree = "<group>";
		};
		0040F17C1C4C61070076F176 /* Extensions */ = {
			isa = PBXGroup;
			children = (
				0040F17D1C4C612A0076F176 /* UIColor+AppColors.swift */,
			);
			name = Extensions;
			sourceTree = "<group>";
		};
		0040F1831C4C771D0076F176 /* Exchange */ = {
			isa = PBXGroup;
			children = (
				0040F17F1C4C62E70076F176 /* PRVExchangeViewController.swift */,
			);
			name = Exchange;
			sourceTree = "<group>";
		};
		0040F1841C4C772E0076F176 /* General */ = {
			isa = PBXGroup;
			children = (
				0040F1851C4C773A0076F176 /* Views */,
			);
			name = General;
			sourceTree = "<group>";
		};
		0040F1851C4C773A0076F176 /* Views */ = {
			isa = PBXGroup;
			children = (
				0040F17A1C4C60510076F176 /* PRVGradientView.swift */,
			);
			name = Views;
			sourceTree = "<group>";
		};
		0040F18B1C4C833A0076F176 /* Carthage */ = {
			isa = PBXGroup;
			children = (
				0040F1891C4C832A0076F176 /* NVActivityIndicatorView.framework */,
				0040F1861C4C7E820076F176 /* DynamicButton.framework */,
			);
			name = Carthage;
			sourceTree = "<group>";
		};
/* End PBXGroup section */

/* Begin PBXNativeTarget section */
		0040F1451C4C5FF30076F176 /* Privy */ = {
			isa = PBXNativeTarget;
			buildConfigurationList = 0040F1711C4C5FF30076F176 /* Build configuration list for PBXNativeTarget "Privy" */;
			buildPhases = (
				0040F1421C4C5FF30076F176 /* Sources */,
				0040F1431C4C5FF30076F176 /* Frameworks */,
				0040F1441C4C5FF30076F176 /* Resources */,
				0040F1881C4C7F070076F176 /* ShellScript */,
			);
			buildRules = (
			);
			dependencies = (
			);
			name = Privy;
			productName = PRIVY;
			productReference = 0040F1461C4C5FF30076F176 /* Privy.app */;
			productType = "com.apple.product-type.application";
		};
		0040F15C1C4C5FF30076F176 /* PrivyTests */ = {
			isa = PBXNativeTarget;
			buildConfigurationList = 0040F1741C4C5FF30076F176 /* Build configuration list for PBXNativeTarget "PrivyTests" */;
			buildPhases = (
				0040F1591C4C5FF30076F176 /* Sources */,
				0040F15A1C4C5FF30076F176 /* Frameworks */,
				0040F15B1C4C5FF30076F176 /* Resources */,
			);
			buildRules = (
			);
			dependencies = (
				0040F15F1C4C5FF30076F176 /* PBXTargetDependency */,
			);
			name = PrivyTests;
			productName = PRIVYTests;
			productReference = 0040F15D1C4C5FF30076F176 /* PrivyTests.xctest */;
			productType = "com.apple.product-type.bundle.unit-test";
		};
		0040F1671C4C5FF30076F176 /* PrivyUITests */ = {
			isa = PBXNativeTarget;
			buildConfigurationList = 0040F1771C4C5FF30076F176 /* Build configuration list for PBXNativeTarget "PrivyUITests" */;
			buildPhases = (
				0040F1641C4C5FF30076F176 /* Sources */,
				0040F1651C4C5FF30076F176 /* Frameworks */,
				0040F1661C4C5FF30076F176 /* Resources */,
			);
			buildRules = (
			);
			dependencies = (
				0040F16A1C4C5FF30076F176 /* PBXTargetDependency */,
			);
			name = PrivyUITests;
			productName = PRIVYUITests;
			productReference = 0040F1681C4C5FF30076F176 /* PrivyUITests.xctest */;
			productType = "com.apple.product-type.bundle.ui-testing";
		};
/* End PBXNativeTarget section */

/* Begin PBXProject section */
		0040F13E1C4C5FF30076F176 /* Project object */ = {
			isa = PBXProject;
			attributes = {
				CLASSPREFIX = PRV;
				LastSwiftUpdateCheck = 0720;
				LastUpgradeCheck = 0720;
				ORGANIZATIONNAME = "Michael MacCallum";
				TargetAttributes = {
					0040F1451C4C5FF30076F176 = {
						CreatedOnToolsVersion = 7.2;
					};
					0040F15C1C4C5FF30076F176 = {
						CreatedOnToolsVersion = 7.2;
						TestTargetID = 0040F1451C4C5FF30076F176;
					};
					0040F1671C4C5FF30076F176 = {
						CreatedOnToolsVersion = 7.2;
						TestTargetID = 0040F1451C4C5FF30076F176;
					};
				};
			};
			buildConfigurationList = 0040F1411C4C5FF30076F176 /* Build configuration list for PBXProject "Privy" */;
			compatibilityVersion = "Xcode 6.3";
			developmentRegion = English;
			hasScannedForEncodings = 0;
			knownRegions = (
				en,
				Base,
			);
			mainGroup = 0040F13D1C4C5FF30076F176;
			productRefGroup = 0040F1471C4C5FF30076F176 /* Products */;
			projectDirPath = "";
			projectRoot = "";
			targets = (
				0040F1451C4C5FF30076F176 /* Privy */,
				0040F15C1C4C5FF30076F176 /* PrivyTests */,
				0040F1671C4C5FF30076F176 /* PrivyUITests */,
			);
		};
/* End PBXProject section */

/* Begin PBXResourcesBuildPhase section */
		0040F1441C4C5FF30076F176 /* Resources */ = {
			isa = PBXResourcesBuildPhase;
			buildActionMask = 2147483647;
			files = (
				0040F1571C4C5FF30076F176 /* LaunchScreen.storyboard in Resources */,
				0040F1541C4C5FF30076F176 /* Assets.xcassets in Resources */,
				0040F14F1C4C5FF30076F176 /* Main.storyboard in Resources */,
			);
			runOnlyForDeploymentPostprocessing = 0;
		};
		0040F15B1C4C5FF30076F176 /* Resources */ = {
			isa = PBXResourcesBuildPhase;
			buildActionMask = 2147483647;
			files = (
			);
			runOnlyForDeploymentPostprocessing = 0;
		};
		0040F1661C4C5FF30076F176 /* Resources */ = {
			isa = PBXResourcesBuildPhase;
			buildActionMask = 2147483647;
			files = (
			);
			runOnlyForDeploymentPostprocessing = 0;
		};
/* End PBXResourcesBuildPhase section */

/* Begin PBXShellScriptBuildPhase section */
		0040F1881C4C7F070076F176 /* ShellScript */ = {
			isa = PBXShellScriptBuildPhase;
			buildActionMask = 2147483647;
			files = (
			);
			inputPaths = (
				"$(SRCROOT)/Carthage/Build/iOS/DynamicButton.framework",
				"$(SRCROOT)/Carthage/Build/iOS/NVActivityIndicatorView.framework",
			);
			outputPaths = (
			);
			runOnlyForDeploymentPostprocessing = 0;
			shellPath = "/usr/local/bin/carthage copy-frameworks";
			shellScript = "";
		};
/* End PBXShellScriptBuildPhase section */

/* Begin PBXSourcesBuildPhase section */
		0040F1421C4C5FF30076F176 /* Sources */ = {
			isa = PBXSourcesBuildPhase;
			buildActionMask = 2147483647;
			files = (
				0040F14C1C4C5FF30076F176 /* ViewController.swift in Sources */,
				0040F1821C4C64240076F176 /* PRVRootTabBarController.swift in Sources */,
				0040F17E1C4C612A0076F176 /* UIColor+AppColors.swift in Sources */,
				0040F1801C4C62E70076F176 /* PRVExchangeViewController.swift in Sources */,
				0040F17B1C4C60510076F176 /* PRVGradientView.swift in Sources */,
				0040F1521C4C5FF30076F176 /* PRIVY.xcdatamodeld in Sources */,
				0040F14A1C4C5FF30076F176 /* AppDelegate.swift in Sources */,
			);
			runOnlyForDeploymentPostprocessing = 0;
		};
		0040F1591C4C5FF30076F176 /* Sources */ = {
			isa = PBXSourcesBuildPhase;
			buildActionMask = 2147483647;
			files = (
				0040F1621C4C5FF30076F176 /* PrivyTests.swift in Sources */,
			);
			runOnlyForDeploymentPostprocessing = 0;
		};
		0040F1641C4C5FF30076F176 /* Sources */ = {
			isa = PBXSourcesBuildPhase;
			buildActionMask = 2147483647;
			files = (
				0040F16D1C4C5FF30076F176 /* PrivyUITests.swift in Sources */,
			);
			runOnlyForDeploymentPostprocessing = 0;
		};
/* End PBXSourcesBuildPhase section */

/* Begin PBXTargetDependency section */
		0040F15F1C4C5FF30076F176 /* PBXTargetDependency */ = {
			isa = PBXTargetDependency;
			target = 0040F1451C4C5FF30076F176 /* Privy */;
			targetProxy = 0040F15E1C4C5FF30076F176 /* PBXContainerItemProxy */;
		};
		0040F16A1C4C5FF30076F176 /* PBXTargetDependency */ = {
			isa = PBXTargetDependency;
			target = 0040F1451C4C5FF30076F176 /* Privy */;
			targetProxy = 0040F1691C4C5FF30076F176 /* PBXContainerItemProxy */;
		};
/* End PBXTargetDependency section */

/* Begin PBXVariantGroup section */
		0040F14D1C4C5FF30076F176 /* Main.storyboard */ = {
			isa = PBXVariantGroup;
			children = (
				0040F14E1C4C5FF30076F176 /* Base */,
			);
			name = Main.storyboard;
			sourceTree = "<group>";
		};
		0040F1551C4C5FF30076F176 /* LaunchScreen.storyboard */ = {
			isa = PBXVariantGroup;
			children = (
				0040F1561C4C5FF30076F176 /* Base */,
			);
			name = LaunchScreen.storyboard;
			sourceTree = "<group>";
		};
/* End PBXVariantGroup section */

/* Begin XCBuildConfiguration section */
		0040F16F1C4C5FF30076F176 /* Debug */ = {
			isa = XCBuildConfiguration;
			buildSettings = {
				ALWAYS_SEARCH_USER_PATHS = NO;
				CLANG_CXX_LANGUAGE_STANDARD = "gnu++0x";
				CLANG_CXX_LIBRARY = "libc++";
				CLANG_ENABLE_MODULES = YES;
				CLANG_ENABLE_OBJC_ARC = YES;
				CLANG_WARN_BOOL_CONVERSION = YES;
				CLANG_WARN_CONSTANT_CONVERSION = YES;
				CLANG_WARN_DIRECT_OBJC_ISA_USAGE = YES_ERROR;
				CLANG_WARN_EMPTY_BODY = YES;
				CLANG_WARN_ENUM_CONVERSION = YES;
				CLANG_WARN_INT_CONVERSION = YES;
				CLANG_WARN_OBJC_ROOT_CLASS = YES_ERROR;
				CLANG_WARN_UNREACHABLE_CODE = YES;
				CLANG_WARN__DUPLICATE_METHOD_MATCH = YES;
				"CODE_SIGN_IDENTITY[sdk=iphoneos*]" = "iPhone Developer";
				COPY_PHASE_STRIP = NO;
				DEBUG_INFORMATION_FORMAT = dwarf;
				ENABLE_STRICT_OBJC_MSGSEND = YES;
				ENABLE_TESTABILITY = YES;
				GCC_C_LANGUAGE_STANDARD = gnu99;
				GCC_DYNAMIC_NO_PIC = NO;
				GCC_NO_COMMON_BLOCKS = YES;
				GCC_OPTIMIZATION_LEVEL = 0;
				GCC_PREPROCESSOR_DEFINITIONS = (
					"DEBUG=1",
					"$(inherited)",
				);
				GCC_WARN_64_TO_32_BIT_CONVERSION = YES;
				GCC_WARN_ABOUT_RETURN_TYPE = YES_ERROR;
				GCC_WARN_UNDECLARED_SELECTOR = YES;
				GCC_WARN_UNINITIALIZED_AUTOS = YES_AGGRESSIVE;
				GCC_WARN_UNUSED_FUNCTION = YES;
				GCC_WARN_UNUSED_VARIABLE = YES;
				IPHONEOS_DEPLOYMENT_TARGET = 9.2;
				MTL_ENABLE_DEBUG_INFO = YES;
				ONLY_ACTIVE_ARCH = YES;
				SDKROOT = iphoneos;
				SWIFT_OPTIMIZATION_LEVEL = "-Onone";
			};
			name = Debug;
		};
		0040F1701C4C5FF30076F176 /* Release */ = {
			isa = XCBuildConfiguration;
			buildSettings = {
				ALWAYS_SEARCH_USER_PATHS = NO;
				CLANG_CXX_LANGUAGE_STANDARD = "gnu++0x";
				CLANG_CXX_LIBRARY = "libc++";
				CLANG_ENABLE_MODULES = YES;
				CLANG_ENABLE_OBJC_ARC = YES;
				CLANG_WARN_BOOL_CONVERSION = YES;
				CLANG_WARN_CONSTANT_CONVERSION = YES;
				CLANG_WARN_DIRECT_OBJC_ISA_USAGE = YES_ERROR;
				CLANG_WARN_EMPTY_BODY = YES;
				CLANG_WARN_ENUM_CONVERSION = YES;
				CLANG_WARN_INT_CONVERSION = YES;
				CLANG_WARN_OBJC_ROOT_CLASS = YES_ERROR;
				CLANG_WARN_UNREACHABLE_CODE = YES;
				CLANG_WARN__DUPLICATE_METHOD_MATCH = YES;
				"CODE_SIGN_IDENTITY[sdk=iphoneos*]" = "iPhone Developer";
				COPY_PHASE_STRIP = NO;
				DEBUG_INFORMATION_FORMAT = "dwarf-with-dsym";
				ENABLE_NS_ASSERTIONS = NO;
				ENABLE_STRICT_OBJC_MSGSEND = YES;
				GCC_C_LANGUAGE_STANDARD = gnu99;
				GCC_NO_COMMON_BLOCKS = YES;
				GCC_WARN_64_TO_32_BIT_CONVERSION = YES;
				GCC_WARN_ABOUT_RETURN_TYPE = YES_ERROR;
				GCC_WARN_UNDECLARED_SELECTOR = YES;
				GCC_WARN_UNINITIALIZED_AUTOS = YES_AGGRESSIVE;
				GCC_WARN_UNUSED_FUNCTION = YES;
				GCC_WARN_UNUSED_VARIABLE = YES;
				IPHONEOS_DEPLOYMENT_TARGET = 9.2;
				MTL_ENABLE_DEBUG_INFO = NO;
				SDKROOT = iphoneos;
				VALIDATE_PRODUCT = YES;
			};
			name = Release;
		};
		0040F1721C4C5FF30076F176 /* Debug */ = {
			isa = XCBuildConfiguration;
			buildSettings = {
				ASSETCATALOG_COMPILER_APPICON_NAME = AppIcon;
				CLANG_ENABLE_MODULES = YES;
				FRAMEWORK_SEARCH_PATHS = (
					"$(inherited)",
					"$(PROJECT_DIR)/Carthage/Build/iOS",
				);
				INFOPLIST_FILE = PRIVY/Info.plist;
				IPHONEOS_DEPLOYMENT_TARGET = 8.0;
				LD_RUNPATH_SEARCH_PATHS = "$(inherited) @executable_path/Frameworks";
				PRODUCT_BUNDLE_IDENTIFIER = "com.Michael-MacCallum.Privy";
				PRODUCT_NAME = Privy;
				SWIFT_OBJC_BRIDGING_HEADER = "Privy-Bridging-Header.h";
				SWIFT_OPTIMIZATION_LEVEL = "-Onone";
			};
			name = Debug;
		};
		0040F1731C4C5FF30076F176 /* Release */ = {
			isa = XCBuildConfiguration;
			buildSettings = {
				ASSETCATALOG_COMPILER_APPICON_NAME = AppIcon;
				CLANG_ENABLE_MODULES = YES;
				FRAMEWORK_SEARCH_PATHS = (
					"$(inherited)",
					"$(PROJECT_DIR)/Carthage/Build/iOS",
				);
				INFOPLIST_FILE = PRIVY/Info.plist;
				IPHONEOS_DEPLOYMENT_TARGET = 8.0;
				LD_RUNPATH_SEARCH_PATHS = "$(inherited) @executable_path/Frameworks";
				PRODUCT_BUNDLE_IDENTIFIER = "com.Michael-MacCallum.Privy";
				PRODUCT_NAME = Privy;
				SWIFT_OBJC_BRIDGING_HEADER = "Privy-Bridging-Header.h";
				SWIFT_OPTIMIZATION_LEVEL = "-Owholemodule";
			};
			name = Release;
		};
		0040F1751C4C5FF30076F176 /* Debug */ = {
			isa = XCBuildConfiguration;
			buildSettings = {
				BUNDLE_LOADER = "$(TEST_HOST)";
				INFOPLIST_FILE = PRIVYTests/Info.plist;
				LD_RUNPATH_SEARCH_PATHS = "$(inherited) @executable_path/Frameworks @loader_path/Frameworks";
				PRODUCT_BUNDLE_IDENTIFIER = "com.Michael-MacCallum.PrivyTests";
				PRODUCT_NAME = PrivyTests;
				TEST_HOST = "$(BUILT_PRODUCTS_DIR)/Privy.temp_caseinsensitive_rename.app/Privy.temp_caseinsensitive_rename";
			};
			name = Debug;
		};
		0040F1761C4C5FF30076F176 /* Release */ = {
			isa = XCBuildConfiguration;
			buildSettings = {
				BUNDLE_LOADER = "$(TEST_HOST)";
				INFOPLIST_FILE = PRIVYTests/Info.plist;
				LD_RUNPATH_SEARCH_PATHS = "$(inherited) @executable_path/Frameworks @loader_path/Frameworks";
				PRODUCT_BUNDLE_IDENTIFIER = "com.Michael-MacCallum.PrivyTests";
				PRODUCT_NAME = PrivyTests;
				TEST_HOST = "$(BUILT_PRODUCTS_DIR)/Privy.temp_caseinsensitive_rename.app/Privy.temp_caseinsensitive_rename";
			};
			name = Release;
		};
		0040F1781C4C5FF30076F176 /* Debug */ = {
			isa = XCBuildConfiguration;
			buildSettings = {
				INFOPLIST_FILE = PRIVYUITests/Info.plist;
				LD_RUNPATH_SEARCH_PATHS = "$(inherited) @executable_path/Frameworks @loader_path/Frameworks";
				PRODUCT_BUNDLE_IDENTIFIER = "com.Michael-MacCallum.PrivyUITests";
				PRODUCT_NAME = PrivyUITests;
				TEST_TARGET_NAME = PRIVY;
				USES_XCTRUNNER = YES;
			};
			name = Debug;
		};
		0040F1791C4C5FF30076F176 /* Release */ = {
			isa = XCBuildConfiguration;
			buildSettings = {
				INFOPLIST_FILE = PRIVYUITests/Info.plist;
				LD_RUNPATH_SEARCH_PATHS = "$(inherited) @executable_path/Frameworks @loader_path/Frameworks";
				PRODUCT_BUNDLE_IDENTIFIER = "com.Michael-MacCallum.PrivyUITests";
				PRODUCT_NAME = PrivyUITests;
				TEST_TARGET_NAME = PRIVY;
				USES_XCTRUNNER = YES;
			};
			name = Release;
		};
/* End XCBuildConfiguration section */

/* Begin XCConfigurationList section */
		0040F1411C4C5FF30076F176 /* Build configuration list for PBXProject "Privy" */ = {
			isa = XCConfigurationList;
			buildConfigurations = (
				0040F16F1C4C5FF30076F176 /* Debug */,
				0040F1701C4C5FF30076F176 /* Release */,
			);
			defaultConfigurationIsVisible = 0;
			defaultConfigurationName = Release;
		};
		0040F1711C4C5FF30076F176 /* Build configuration list for PBXNativeTarget "Privy" */ = {
			isa = XCConfigurationList;
			buildConfigurations = (
				0040F1721C4C5FF30076F176 /* Debug */,
				0040F1731C4C5FF30076F176 /* Release */,
			);
			defaultConfigurationIsVisible = 0;
		};
		0040F1741C4C5FF30076F176 /* Build configuration list for PBXNativeTarget "PrivyTests" */ = {
			isa = XCConfigurationList;
			buildConfigurations = (
				0040F1751C4C5FF30076F176 /* Debug */,
				0040F1761C4C5FF30076F176 /* Release */,
			);
			defaultConfigurationIsVisible = 0;
		};
		0040F1771C4C5FF30076F176 /* Build configuration list for PBXNativeTarget "PrivyUITests" */ = {
			isa = XCConfigurationList;
			buildConfigurations = (
				0040F1781C4C5FF30076F176 /* Debug */,
				0040F1791C4C5FF30076F176 /* Release */,
			);
			defaultConfigurationIsVisible = 0;
		};
/* End XCConfigurationList section */

/* Begin XCVersionGroup section */
		0040F1501C4C5FF30076F176 /* PRIVY.xcdatamodeld */ = {
			isa = XCVersionGroup;
			children = (
				0040F1511C4C5FF30076F176 /* PRIVY.xcdatamodel */,
			);
			currentVersion = 0040F1511C4C5FF30076F176 /* PRIVY.xcdatamodel */;
			path = PRIVY.xcdatamodeld;
			sourceTree = "<group>";
			versionGroupType = wrapper.xcdatamodel;
		};
/* End XCVersionGroup section */
	};
	rootObject = 0040F13E1C4C5FF30076F176 /* Project object */;
}
